
Microsoft Visual Studio Solution File, Format Version 12.00
# Visual Studio Version 17
VisualStudioVersion = 17.5.002.0
MinimumVisualStudioVersion = 10.0.40219.1
Project("{9A19103F-16F7-4668-BE54-9A1E7A4F7556}") = "Calculator", "Calculator.csproj", "{CC070BCA-70F8-465D-B437-9DE9F894B565}"
EndProject
Global
	GlobalSection(SolutionConfigurationPlatforms) = preSolution
		Debug|Any CPU = Debug|Any CPU
		Release|Any CPU = Release|Any CPU
	EndGlobalSection
	GlobalSection(ProjectConfigurationPlatforms) = postSolution
		{CC070BCA-70F8-465D-B437-9DE9F894B565}.Debug|Any CPU.ActiveCfg = Debug|Any CPU
		{CC070BCA-70F8-465D-B437-9DE9F894B565}.Debug|Any CPU.Build.0 = Debug|Any CPU
		{CC070BCA-70F8-465D-B437-9DE9F894B565}.Release|Any CPU.ActiveCfg = Release|Any CPU
		{CC070BCA-70F8-465D-B437-9DE9F894B565}.Release|Any CPU.Build.0 = Release|Any CPU
	EndGlobalSection
	GlobalSection(SolutionProperties) = preSolution
		HideSolutionNode = FALSE
	EndGlobalSection
	GlobalSection(ExtensibilityGlobals) = postSolution
		SolutionGuid = {2C31EA45-2421-487D-950E-7FE2E07C1C76}
	EndGlobalSection
EndGlobal
